
Microsoft Visual Studio Solution File, Format Version 12.00
# Visual Studio Version 16
VisualStudioVersion = 16.0.29613.14
MinimumVisualStudioVersion = 10.0.40219.1
Project("{9A19103F-16F7-4668-BE54-9A1E7A4F7556}") = "MyTask", "MyTask\MyTask.csproj", "{76B5AFD3-32BD-42BB-9127-50AFB46586F4}"
EndProject
Global
	GlobalSection(SolutionConfigurationPlatforms) = preSolution
		Debug|Any CPU = Debug|Any CPU
		Release|Any CPU = Release|Any CPU
	EndGlobalSection
	GlobalSection(ProjectConfigurationPlatforms) = postSolution
		{76B5AFD3-32BD-42BB-9127-50AFB46586F4}.Debug|Any CPU.ActiveCfg = Debug|Any CPU
		{76B5AFD3-32BD-42BB-9127-50AFB46586F4}.Debug|Any CPU.Build.0 = Debug|Any CPU
		{76B5AFD3-32BD-42BB-9127-50AFB46586F4}.Release|Any CPU.ActiveCfg = Release|Any CPU
		{76B5AFD3-32BD-42BB-9127-50AFB46586F4}.Release|Any CPU.Build.0 = Release|Any CPU
	EndGlobalSection
	GlobalSection(SolutionProperties) = preSolution
		HideSolutionNode = FALSE
	EndGlobalSection
	GlobalSection(ExtensibilityGlobals) = postSolution
		SolutionGuid = {F531F06A-6AA1-4297-ADE8-8DA93EBB5898}
	EndGlobalSection
EndGlobal
